
Microsoft Visual Studio Solution File, Format Version 12.00
Project("{FAE04EC0-301F-11D3-BF4B-00C04F79EFBC}") = "BattleShipGui", "BattleShipGui\BattleShipGui.csproj", "{DB6FB338-8A5F-4233-8472-82798C575AF0}"
EndProject
Project("{FAE04EC0-301F-11D3-BF4B-00C04F79EFBC}") = "BattleShip", "BattleShip\BattleShip.csproj", "{B2B2A44F-0236-401F-ADE1-D20FF38E2337}"
EndProject
Global
	GlobalSection(SolutionConfigurationPlatforms) = preSolution
		Debug|Any CPU = Debug|Any CPU
		Release|Any CPU = Release|Any CPU
	EndGlobalSection
	GlobalSection(ProjectConfigurationPlatforms) = postSolution
		{DB6FB338-8A5F-4233-8472-82798C575AF0}.Debug|Any CPU.ActiveCfg = Debug|Any CPU
		{DB6FB338-8A5F-4233-8472-82798C575AF0}.Debug|Any CPU.Build.0 = Debug|Any CPU
		{DB6FB338-8A5F-4233-8472-82798C575AF0}.Release|Any CPU.ActiveCfg = Release|Any CPU
		{DB6FB338-8A5F-4233-8472-82798C575AF0}.Release|Any CPU.Build.0 = Release|Any CPU
		{B2B2A44F-0236-401F-ADE1-D20FF38E2337}.Debug|Any CPU.ActiveCfg = Debug|Any CPU
		{B2B2A44F-0236-401F-ADE1-D20FF38E2337}.Debug|Any CPU.Build.0 = Debug|Any CPU
		{B2B2A44F-0236-401F-ADE1-D20FF38E2337}.Release|Any CPU.ActiveCfg = Release|Any CPU
		{B2B2A44F-0236-401F-ADE1-D20FF38E2337}.Release|Any CPU.Build.0 = Release|Any CPU
	EndGlobalSection
EndGlobal
